PODS:
  - audio_session (0.0.1):
    - FlutterMacOS
  - flutter_libserialport (0.0.1):
    - FlutterMacOS
    - libserialport
  - FlutterMacOS (1.0.0)
  - just_audio (0.0.1):
    - Flutter
    - FlutterMacOS
  - libserialport (0.1.1)
  - mic_stream (0.5.2):
    - FlutterMacOS
  - native_add (0.0.1):
    - FlutterMacOS
  - path_provider_foundation (0.0.1):
    - Flutter
    - FlutterMacOS
  - url_launcher_macos (0.0.1):
    - FlutterMacOS

DEPENDENCIES:
  - audio_session (from `Flutter/ephemeral/.symlinks/plugins/audio_session/macos`)
  - flutter_libserialport (from `Flutter/ephemeral/.symlinks/plugins/flutter_libserialport/macos`)
  - FlutterMacOS (from `Flutter/ephemeral`)
  - just_audio (from `Flutter/ephemeral/.symlinks/plugins/just_audio/darwin`)
  - mic_stream (from `Flutter/ephemeral/.symlinks/plugins/mic_stream/macos`)
  - native_add (from `Flutter/ephemeral/.symlinks/plugins/native_add/macos`)
  - path_provider_foundation (from `Flutter/ephemeral/.symlinks/plugins/path_provider_foundation/darwin`)
  - url_launcher_macos (from `Flutter/ephemeral/.symlinks/plugins/url_launcher_macos/macos`)

SPEC REPOS:
  trunk:
    - libserialport

EXTERNAL SOURCES:
  audio_session:
    :path: Flutter/ephemeral/.symlinks/plugins/audio_session/macos
  flutter_libserialport:
    :path: Flutter/ephemeral/.symlinks/plugins/flutter_libserialport/macos
  FlutterMacOS:
    :path: Flutter/ephemeral
  just_audio:
    :path: Flutter/ephemeral/.symlinks/plugins/just_audio/darwin
  mic_stream:
    :path: Flutter/ephemeral/.symlinks/plugins/mic_stream/macos
  native_add:
    :path: Flutter/ephemeral/.symlinks/plugins/native_add/macos
  path_provider_foundation:
    :path: Flutter/ephemeral/.symlinks/plugins/path_provider_foundation/darwin
  url_launcher_macos:
    :path: Flutter/ephemeral/.symlinks/plugins/url_launcher_macos/macos

SPEC CHECKSUMS:
  audio_session: eaca2512cf2b39212d724f35d11f46180ad3a33e
  flutter_libserialport: 2c523cb8d8203fc6d1b0da88190da31ac970eb93
  FlutterMacOS: 8f6f14fa908a6fb3fba0cd85dbd81ec4b251fb24
  just_audio: 4e391f57b79cad2b0674030a00453ca5ce817eed
  libserialport: 1cb25e66ef3c92a8e59c2ea3820302c3fa2268cd
  mic_stream: d36b1d2fa5ea7124a5ecf4cefded06f7fc00391f
  native_add: 7c4358838ffb3e9fa8937799a3004a28842025df
  path_provider_foundation: 080d55be775b7414fd5a5ef3ac137b97b097e564
  url_launcher_macos: 0fba8ddabfc33ce0a9afe7c5fef5aab3d8d2d673

PODFILE CHECKSUM: 353c8bcc5d5b0994e508d035b5431cfe18c1dea7

COCOAPODS: 1.16.2
