PODS:
  - audio_session (0.0.1):
    - FlutterMacOS
  - flutter_libserialport (0.0.1):
    - FlutterMacOS
    - libserialport
  - FlutterMacOS (1.0.0)
  - just_audio (0.0.1):
    - Flutter
    - FlutterMacOS
  - libserialport (0.1.1)
  - mic_stream (0.5.2):
    - FlutterMacOS
  - native_add (0.0.1):
    - FlutterMacOS
  - nwbfile_plugin (0.0.1):
    - FlutterMacOS
  - path_provider_foundation (0.0.1):
    - Flutter
    - FlutterMacOS
  - processing_ffi (0.0.1):
    - FlutterMacOS
  - screen_retriever (0.0.1):
    - FlutterMacOS
  - url_launcher_macos (0.0.1):
    - FlutterMacOS
  - window_manager (0.2.0):
    - FlutterMacOS

DEPENDENCIES:
  - audio_session (from `Flutter/ephemeral/.symlinks/plugins/audio_session/macos`)
  - flutter_libserialport (from `Flutter/ephemeral/.symlinks/plugins/flutter_libserialport/macos`)
  - FlutterMacOS (from `Flutter/ephemeral`)
  - just_audio (from `Flutter/ephemeral/.symlinks/plugins/just_audio/darwin`)
  - mic_stream (from `Flutter/ephemeral/.symlinks/plugins/mic_stream/macos`)
  - native_add (from `Flutter/ephemeral/.symlinks/plugins/native_add/macos`)
  - nwbfile_plugin (from `Flutter/ephemeral/.symlinks/plugins/nwbfile_plugin/macos`)
  - path_provider_foundation (from `Flutter/ephemeral/.symlinks/plugins/path_provider_foundation/darwin`)
  - processing_ffi (from `Flutter/ephemeral/.symlinks/plugins/processing_ffi/macos`)
  - screen_retriever (from `Flutter/ephemeral/.symlinks/plugins/screen_retriever/macos`)
  - url_launcher_macos (from `Flutter/ephemeral/.symlinks/plugins/url_launcher_macos/macos`)
  - window_manager (from `Flutter/ephemeral/.symlinks/plugins/window_manager/macos`)

SPEC REPOS:
  trunk:
    - libserialport

EXTERNAL SOURCES:
  audio_session:
    :path: Flutter/ephemeral/.symlinks/plugins/audio_session/macos
  flutter_libserialport:
    :path: Flutter/ephemeral/.symlinks/plugins/flutter_libserialport/macos
  FlutterMacOS:
    :path: Flutter/ephemeral
  just_audio:
    :path: Flutter/ephemeral/.symlinks/plugins/just_audio/darwin
  mic_stream:
    :path: Flutter/ephemeral/.symlinks/plugins/mic_stream/macos
  native_add:
    :path: Flutter/ephemeral/.symlinks/plugins/native_add/macos
  nwbfile_plugin:
    :path: Flutter/ephemeral/.symlinks/plugins/nwbfile_plugin/macos
  path_provider_foundation:
    :path: Flutter/ephemeral/.symlinks/plugins/path_provider_foundation/darwin
  processing_ffi:
    :path: Flutter/ephemeral/.symlinks/plugins/processing_ffi/macos
  screen_retriever:
    :path: Flutter/ephemeral/.symlinks/plugins/screen_retriever/macos
  url_launcher_macos:
    :path: Flutter/ephemeral/.symlinks/plugins/url_launcher_macos/macos
  window_manager:
    :path: Flutter/ephemeral/.symlinks/plugins/window_manager/macos

SPEC CHECKSUMS:
  audio_session: 728ae3823d914f809c485d390274861a24b0904e
  flutter_libserialport: d1a505fd4b05785f7b50cc7c93b361937ea1c5bd
  FlutterMacOS: 8f6f14fa908a6fb3fba0cd85dbd81ec4b251fb24
  just_audio: a42c63806f16995daf5b219ae1d679deb76e6a79
  libserialport: 1cb25e66ef3c92a8e59c2ea3820302c3fa2268cd
  mic_stream: 3cf878a5923acdf190d7503a7a93173c1bc1c5b8
  native_add: 54703c7242d3e9d29f7d47f1a3a886cd22e5be48
  nwbfile_plugin: 99abb86875be02f791f5823586f414119df7f256
  path_provider_foundation: 2b6b4c569c0fb62ec74538f866245ac84301af46
  processing_ffi: 11ea5a375c9b83f5d1ff554953bb1eacdc6db486
  screen_retriever: 59634572a57080243dd1bf715e55b6c54f241a38
  url_launcher_macos: c82c93949963e55b228a30115bd219499a6fe404
  window_manager: 3a1844359a6295ab1e47659b1a777e36773cd6e8

PODFILE CHECKSUM: dac0ddf03d136db544afc27b87cc6c08492e67b9

COCOAPODS: 1.16.2
