PODS:
  - audio_session (0.0.1):
    - FlutterMacOS
  - file_picker (0.0.1):
    - FlutterMacOS
  - Firebase/CoreOnly (12.8.0):
    - FirebaseCore (~> 12.8.0)
  - Firebase/Crashlytics (12.8.0):
    - Firebase/CoreOnly
    - FirebaseCrashlytics (~> 12.8.0)
  - firebase_analytics (12.0.4):
    - firebase_core
    - FirebaseAnalytics (= 12.8.0)
    - FlutterMacOS
  - firebase_core (4.4.0):
    - Firebase/CoreOnly (~> 12.8.0)
    - FlutterMacOS
  - firebase_crashlytics (5.0.4):
    - Firebase/CoreOnly (~> 12.8.0)
    - Firebase/Crashlytics (~> 12.8.0)
    - firebase_core
    - FlutterMacOS
  - FirebaseAnalytics (12.8.0):
    - FirebaseAnalytics/Default (= 12.8.0)
    - FirebaseCore (~> 12.8.0)
    - FirebaseInstallations (~> 12.8.0)
    - GoogleUtilities/AppDelegateSwizzler (~> 8.1)
    - GoogleUtilities/MethodSwizzler (~> 8.1)
    - GoogleUtilities/Network (~> 8.1)
    - "GoogleUtilities/NSData+zlib (~> 8.1)"
    - nanopb (~> 3.30910.0)
  - FirebaseAnalytics/Default (12.8.0):
    - FirebaseCore (~> 12.8.0)
    - FirebaseInstallations (~> 12.8.0)
    - GoogleAppMeasurement/Default (= 12.8.0)
    - GoogleUtilities/AppDelegateSwizzler (~> 8.1)
    - GoogleUtilities/MethodSwizzler (~> 8.1)
    - GoogleUtilities/Network (~> 8.1)
    - "GoogleUtilities/NSData+zlib (~> 8.1)"
    - nanopb (~> 3.30910.0)
  - FirebaseCore (12.8.0):
    - FirebaseCoreInternal (~> 12.8.0)
    - GoogleUtilities/Environment (~> 8.1)
    - GoogleUtilities/Logger (~> 8.1)
  - FirebaseCoreExtension (12.8.0):
    - FirebaseCore (~> 12.8.0)
  - FirebaseCoreInternal (12.8.0):
    - "GoogleUtilities/NSData+zlib (~> 8.1)"
  - FirebaseCrashlytics (12.8.0):
    - FirebaseCore (~> 12.8.0)
    - FirebaseInstallations (~> 12.8.0)
    - FirebaseRemoteConfigInterop (~> 12.8.0)
    - FirebaseSessions (~> 12.8.0)
    - GoogleDataTransport (~> 10.1)
    - GoogleUtilities/Environment (~> 8.1)
    - nanopb (~> 3.30910.0)
    - PromisesObjC (~> 2.4)
  - FirebaseInstallations (12.8.0):
    - FirebaseCore (~> 12.8.0)
    - GoogleUtilities/Environment (~> 8.1)
    - GoogleUtilities/UserDefaults (~> 8.1)
    - PromisesObjC (~> 2.4)
  - FirebaseRemoteConfigInterop (12.8.0)
  - FirebaseSessions (12.8.0):
    - FirebaseCore (~> 12.8.0)
    - FirebaseCoreExtension (~> 12.8.0)
    - FirebaseInstallations (~> 12.8.0)
    - GoogleDataTransport (~> 10.1)
    - GoogleUtilities/Environment (~> 8.1)
    - GoogleUtilities/UserDefaults (~> 8.1)
    - nanopb (~> 3.30910.0)
    - PromisesSwift (~> 2.1)
  - flutter_file_manager_macos (0.0.1):
    - FlutterMacOS
  - flutter_libserialport (0.0.1):
    - FlutterMacOS
    - libserialport
  - flutter_soloud (0.0.1):
    - FlutterMacOS
  - FlutterMacOS (1.0.0)
  - GoogleAppMeasurement/Core (12.8.0):
    - GoogleUtilities/AppDelegateSwizzler (~> 8.1)
    - GoogleUtilities/MethodSwizzler (~> 8.1)
    - GoogleUtilities/Network (~> 8.1)
    - "GoogleUtilities/NSData+zlib (~> 8.1)"
    - nanopb (~> 3.30910.0)
  - GoogleAppMeasurement/Default (12.8.0):
    - GoogleAdsOnDeviceConversion (~> 3.2.0)
    - GoogleAppMeasurement/Core (= 12.8.0)
    - GoogleAppMeasurement/IdentitySupport (= 12.8.0)
    - GoogleUtilities/AppDelegateSwizzler (~> 8.1)
    - GoogleUtilities/MethodSwizzler (~> 8.1)
    - GoogleUtilities/Network (~> 8.1)
    - "GoogleUtilities/NSData+zlib (~> 8.1)"
    - nanopb (~> 3.30910.0)
  - GoogleAppMeasurement/IdentitySupport (12.8.0):
    - GoogleAppMeasurement/Core (= 12.8.0)
    - GoogleUtilities/AppDelegateSwizzler (~> 8.1)
    - GoogleUtilities/MethodSwizzler (~> 8.1)
    - GoogleUtilities/Network (~> 8.1)
    - "GoogleUtilities/NSData+zlib (~> 8.1)"
    - nanopb (~> 3.30910.0)
  - GoogleDataTransport (10.1.0):
    - nanopb (~> 3.30910.0)
    - PromisesObjC (~> 2.4)
  - GoogleUtilities/AppDelegateSwizzler (8.1.0):
    - GoogleUtilities/Environment
    - GoogleUtilities/Logger
    - GoogleUtilities/Network
    - GoogleUtilities/Privacy
  - GoogleUtilities/Environment (8.1.0):
    - GoogleUtilities/Privacy
  - GoogleUtilities/Logger (8.1.0):
    - GoogleUtilities/Environment
    - GoogleUtilities/Privacy
  - GoogleUtilities/MethodSwizzler (8.1.0):
    - GoogleUtilities/Logger
    - GoogleUtilities/Privacy
  - GoogleUtilities/Network (8.1.0):
    - GoogleUtilities/Logger
    - "GoogleUtilities/NSData+zlib"
    - GoogleUtilities/Privacy
    - GoogleUtilities/Reachability
  - "GoogleUtilities/NSData+zlib (8.1.0)":
    - GoogleUtilities/Privacy
  - GoogleUtilities/Privacy (8.1.0)
  - GoogleUtilities/Reachability (8.1.0):
    - GoogleUtilities/Logger
    - GoogleUtilities/Privacy
  - GoogleUtilities/UserDefaults (8.1.0):
    - GoogleUtilities/Logger
    - GoogleUtilities/Privacy
  - just_audio (0.0.1):
    - Flutter
    - FlutterMacOS
  - libserialport (0.1.1)
  - mic_stream (0.5.2):
    - FlutterMacOS
  - nanopb (3.30910.0):
    - nanopb/decode (= 3.30910.0)
    - nanopb/encode (= 3.30910.0)
  - nanopb/decode (3.30910.0)
  - nanopb/encode (3.30910.0)
  - native_add (0.0.1):
    - FlutterMacOS
  - nwbfile_plugin (0.0.1):
    - FlutterMacOS
  - path_provider_foundation (0.0.1):
    - Flutter
    - FlutterMacOS
  - processing_ffi (0.0.1):
    - FlutterMacOS
  - PromisesObjC (2.4.0)
  - PromisesSwift (2.4.0):
    - PromisesObjC (= 2.4.0)
  - screen_retriever (0.0.1):
    - FlutterMacOS
  - url_launcher_macos (0.0.1):
    - FlutterMacOS
  - window_manager (0.2.0):
    - FlutterMacOS

DEPENDENCIES:
  - audio_session (from `Flutter/ephemeral/.symlinks/plugins/audio_session/macos`)
  - file_picker (from `Flutter/ephemeral/.symlinks/plugins/file_picker/macos`)
  - firebase_analytics (from `Flutter/ephemeral/.symlinks/plugins/firebase_analytics/macos`)
  - firebase_core (from `Flutter/ephemeral/.symlinks/plugins/firebase_core/macos`)
  - firebase_crashlytics (from `Flutter/ephemeral/.symlinks/plugins/firebase_crashlytics/macos`)
  - flutter_file_manager_macos (from `Flutter/ephemeral/.symlinks/plugins/flutter_file_manager_macos/macos`)
  - flutter_libserialport (from `Flutter/ephemeral/.symlinks/plugins/flutter_libserialport/macos`)
  - flutter_soloud (from `Flutter/ephemeral/.symlinks/plugins/flutter_soloud/macos`)
  - FlutterMacOS (from `Flutter/ephemeral`)
  - just_audio (from `Flutter/ephemeral/.symlinks/plugins/just_audio/darwin`)
  - mic_stream (from `Flutter/ephemeral/.symlinks/plugins/mic_stream/macos`)
  - native_add (from `Flutter/ephemeral/.symlinks/plugins/native_add/macos`)
  - nwbfile_plugin (from `Flutter/ephemeral/.symlinks/plugins/nwbfile_plugin/macos`)
  - path_provider_foundation (from `Flutter/ephemeral/.symlinks/plugins/path_provider_foundation/darwin`)
  - processing_ffi (from `Flutter/ephemeral/.symlinks/plugins/processing_ffi/macos`)
  - screen_retriever (from `Flutter/ephemeral/.symlinks/plugins/screen_retriever/macos`)
  - url_launcher_macos (from `Flutter/ephemeral/.symlinks/plugins/url_launcher_macos/macos`)
  - window_manager (from `Flutter/ephemeral/.symlinks/plugins/window_manager/macos`)

SPEC REPOS:
  trunk:
    - Firebase
    - FirebaseAnalytics
    - FirebaseCore
    - FirebaseCoreExtension
    - FirebaseCoreInternal
    - FirebaseCrashlytics
    - FirebaseInstallations
    - FirebaseRemoteConfigInterop
    - FirebaseSessions
    - GoogleAppMeasurement
    - GoogleDataTransport
    - GoogleUtilities
    - libserialport
    - nanopb
    - PromisesObjC
    - PromisesSwift

EXTERNAL SOURCES:
  audio_session:
    :path: Flutter/ephemeral/.symlinks/plugins/audio_session/macos
  file_picker:
    :path: Flutter/ephemeral/.symlinks/plugins/file_picker/macos
  firebase_analytics:
    :path: Flutter/ephemeral/.symlinks/plugins/firebase_analytics/macos
  firebase_core:
    :path: Flutter/ephemeral/.symlinks/plugins/firebase_core/macos
  firebase_crashlytics:
    :path: Flutter/ephemeral/.symlinks/plugins/firebase_crashlytics/macos
  flutter_file_manager_macos:
    :path: Flutter/ephemeral/.symlinks/plugins/flutter_file_manager_macos/macos
  flutter_libserialport:
    :path: Flutter/ephemeral/.symlinks/plugins/flutter_libserialport/macos
  flutter_soloud:
    :path: Flutter/ephemeral/.symlinks/plugins/flutter_soloud/macos
  FlutterMacOS:
    :path: Flutter/ephemeral
  just_audio:
    :path: Flutter/ephemeral/.symlinks/plugins/just_audio/darwin
  mic_stream:
    :path: Flutter/ephemeral/.symlinks/plugins/mic_stream/macos
  native_add:
    :path: Flutter/ephemeral/.symlinks/plugins/native_add/macos
  nwbfile_plugin:
    :path: Flutter/ephemeral/.symlinks/plugins/nwbfile_plugin/macos
  path_provider_foundation:
    :path: Flutter/ephemeral/.symlinks/plugins/path_provider_foundation/darwin
  processing_ffi:
    :path: Flutter/ephemeral/.symlinks/plugins/processing_ffi/macos
  screen_retriever:
    :path: Flutter/ephemeral/.symlinks/plugins/screen_retriever/macos
  url_launcher_macos:
    :path: Flutter/ephemeral/.symlinks/plugins/url_launcher_macos/macos
  window_manager:
    :path: Flutter/ephemeral/.symlinks/plugins/window_manager/macos

SPEC CHECKSUMS:
  audio_session: 728ae3823d914f809c485d390274861a24b0904e
  file_picker: e716a70a9fe5fd9e09ebc922d7541464289443af
  Firebase: 9a58fdbc9d8655ed7b79a19cf9690bb007d3d46d
  firebase_analytics: 9ea352e3e37b377b2df53c87499438b046931eb1
  firebase_core: bfb0f39fc760d20fa81c965531638d20752b0066
  firebase_crashlytics: 8b4399f68e58f8f1c20739ff63592dff7f2b3090
  FirebaseAnalytics: f20bbad8cb7f65d8a5eaefeb424ae8800a31bdfc
  FirebaseCore: 0dbad74bda10b8fb9ca34ad8f375fb9dd3ebef7c
  FirebaseCoreExtension: 6605938d51f765d8b18bfcafd2085276a252bee2
  FirebaseCoreInternal: fe5fa466aeb314787093a7dce9f0beeaad5a2a21
  FirebaseCrashlytics: fb31c6907e5b52aa252668394d3f1ab326df1511
  FirebaseInstallations: 6a14ab3d694ebd9f839c48d330da5547e9ca9dc0
  FirebaseRemoteConfigInterop: 869ddca16614f979e5c931ece11fbb0b8729ed41
  FirebaseSessions: d614ca154c63dbbc6c10d6c38259c2162c4e7c9b
  flutter_file_manager_macos: 11df72b919a6e010c8e03ec6adf7439f0319032b
  flutter_libserialport: d1a505fd4b05785f7b50cc7c93b361937ea1c5bd
  flutter_soloud: 6487a1bee397951f3f15f4a855d4da3812e1c3a8
  FlutterMacOS: 8f6f14fa908a6fb3fba0cd85dbd81ec4b251fb24
  GoogleAppMeasurement: 72c9a682fec6290327ea5e3c4b829b247fcb2c17
  GoogleDataTransport: aae35b7ea0c09004c3797d53c8c41f66f219d6a7
  GoogleUtilities: 00c88b9a86066ef77f0da2fab05f65d7768ed8e1
  just_audio: a42c63806f16995daf5b219ae1d679deb76e6a79
  libserialport: 1cb25e66ef3c92a8e59c2ea3820302c3fa2268cd
  mic_stream: 3cf878a5923acdf190d7503a7a93173c1bc1c5b8
  nanopb: fad817b59e0457d11a5dfbde799381cd727c1275
  native_add: 54703c7242d3e9d29f7d47f1a3a886cd22e5be48
  nwbfile_plugin: 99abb86875be02f791f5823586f414119df7f256
  path_provider_foundation: 2b6b4c569c0fb62ec74538f866245ac84301af46
  processing_ffi: 5380a7696f8f042084eb66412ca37649862b5dfb
  PromisesObjC: f5707f49cb48b9636751c5b2e7d227e43fba9f47
  PromisesSwift: 9d77319bbe72ebf6d872900551f7eeba9bce2851
  screen_retriever: 59634572a57080243dd1bf715e55b6c54f241a38
  url_launcher_macos: c82c93949963e55b228a30115bd219499a6fe404
  window_manager: 3a1844359a6295ab1e47659b1a777e36773cd6e8

PODFILE CHECKSUM: 2e8c57b186a6657481d41636489ae72f49b102b0

COCOAPODS: 1.16.2
