PODS:
  - audio_session (0.0.1):
    - Flutter
  - Flutter (1.0.0)
  - just_audio (0.0.1):
    - Flutter
    - FlutterMacOS
  - mic_stream (0.0.1):
    - Flutter
  - native_add (0.0.1):
    - Flutter
  - path_provider_foundation (0.0.1):
    - Flutter
    - FlutterMacOS
  - permission_handler_apple (9.3.0):
    - Flutter
  - sound_stream_now (0.0.1):
    - Flutter
  - url_launcher_ios (0.0.1):
    - Flutter

DEPENDENCIES:
  - audio_session (from `.symlinks/plugins/audio_session/ios`)
  - Flutter (from `Flutter`)
  - just_audio (from `.symlinks/plugins/just_audio/darwin`)
  - mic_stream (from `.symlinks/plugins/mic_stream/ios`)
  - native_add (from `.symlinks/plugins/native_add/ios`)
  - path_provider_foundation (from `.symlinks/plugins/path_provider_foundation/darwin`)
  - permission_handler_apple (from `.symlinks/plugins/permission_handler_apple/ios`)
  - sound_stream_now (from `.symlinks/plugins/sound_stream_now/ios`)
  - url_launcher_ios (from `.symlinks/plugins/url_launcher_ios/ios`)

EXTERNAL SOURCES:
  audio_session:
    :path: ".symlinks/plugins/audio_session/ios"
  Flutter:
    :path: Flutter
  just_audio:
    :path: ".symlinks/plugins/just_audio/darwin"
  mic_stream:
    :path: ".symlinks/plugins/mic_stream/ios"
  native_add:
    :path: ".symlinks/plugins/native_add/ios"
  path_provider_foundation:
    :path: ".symlinks/plugins/path_provider_foundation/darwin"
  permission_handler_apple:
    :path: ".symlinks/plugins/permission_handler_apple/ios"
  sound_stream_now:
    :path: ".symlinks/plugins/sound_stream_now/ios"
  url_launcher_ios:
    :path: ".symlinks/plugins/url_launcher_ios/ios"

SPEC CHECKSUMS:
  audio_session: 9bb7f6c970f21241b19f5a3658097ae459681ba0
  Flutter: e0871f40cf51350855a761d2e70bf5af5b9b5de7
  just_audio: 4e391f57b79cad2b0674030a00453ca5ce817eed
  mic_stream: 5b34e9b3939173b7d42ad30a92d704b72221bacf
  native_add: da3180bfd05c18abe0988fe7bed071091d60cec4
  path_provider_foundation: 080d55be775b7414fd5a5ef3ac137b97b097e564
  permission_handler_apple: 4ed2196e43d0651e8ff7ca3483a069d469701f2d
  sound_stream_now: fe87750c04ca5f56ac648d1431a5055bd663bc33
  url_launcher_ios: 694010445543906933d732453a59da0a173ae33d

PODFILE CHECKSUM: 5ca07cf6785cddfcbe5432f9f1d5729eed3228c8

COCOAPODS: 1.16.2
