<?xml version="1.0" encoding="utf-8"?>
<Project ToolsVersion="17.0" xmlns="http://schemas.microsoft.com/developer/msbuild/2003">
  <ItemGroup>
    <ClCompile Include="C:\Users\pulki\OneDrive\spikerbox_flutter\windows\flutter\ephemeral\cpp_client_wrapper\core_implementations.cc">
      <Filter>Source Files</Filter>
    </ClCompile>
    <ClCompile Include="C:\Users\pulki\OneDrive\spikerbox_flutter\windows\flutter\ephemeral\cpp_client_wrapper\standard_codec.cc">
      <Filter>Source Files</Filter>
    </ClCompile>
    <ClCompile Include="C:\Users\pulki\OneDrive\spikerbox_flutter\windows\flutter\ephemeral\cpp_client_wrapper\plugin_registrar.cc">
      <Filter>Source Files</Filter>
    </ClCompile>
  </ItemGroup>
  <ItemGroup>
    <CustomBuild Include="C:\Users\pulki\OneDrive\spikerbox_flutter\windows\flutter\CMakeLists.txt" />
  </ItemGroup>
  <ItemGroup>
    <Filter Include="CMake Rules">
      <UniqueIdentifier>{2C6933EE-08B9-3AD0-B549-531C12C3B738}</UniqueIdentifier>
    </Filter>
    <Filter Include="Source Files">
      <UniqueIdentifier>{9F623760-6C6E-3F14-8626-6371E0E06DE5}</UniqueIdentifier>
    </Filter>
  </ItemGroup>
</Project>
